
Microsoft Visual Studio Solution File, Format Version 12.00
# Visual Studio Version 17
VisualStudioVersion = 17.14.36705.20 d17.14
MinimumVisualStudioVersion = 10.0.40219.1
Project("{FAE04EC0-301F-11D3-BF4B-00C04F79EFBC}") = "Abstraksjon", "Abstraksjon\Abstraksjon.csproj", "{0CB69B98-BE41-4492-9542-94941EE74CE4}"
EndProject
Global
	GlobalSection(SolutionConfigurationPlatforms) = preSolution
		Debug|Any CPU = Debug|Any CPU
		Release|Any CPU = Release|Any CPU
	EndGlobalSection
	GlobalSection(ProjectConfigurationPlatforms) = postSolution
		{0CB69B98-BE41-4492-9542-94941EE74CE4}.Debug|Any CPU.ActiveCfg = Debug|Any CPU
		{0CB69B98-BE41-4492-9542-94941EE74CE4}.Debug|Any CPU.Build.0 = Debug|Any CPU
		{0CB69B98-BE41-4492-9542-94941EE74CE4}.Release|Any CPU.ActiveCfg = Release|Any CPU
		{0CB69B98-BE41-4492-9542-94941EE74CE4}.Release|Any CPU.Build.0 = Release|Any CPU
	EndGlobalSection
	GlobalSection(SolutionProperties) = preSolution
		HideSolutionNode = FALSE
	EndGlobalSection
	GlobalSection(ExtensibilityGlobals) = postSolution
		SolutionGuid = {0FEC7FA7-8048-4D98-8DD1-A266A3FC0CFA}
	EndGlobalSection
EndGlobal
